
Microsoft Visual Studio Solution File, Format Version 12.00
# Visual Studio 15
VisualStudioVersion = 15.0.28010.2016
MinimumVisualStudioVersion = 10.0.40219.1
Project("{FAE04EC0-301F-11D3-BF4B-00C04F79EFBC}") = "ContosoUniversity", "ContosoUniversity\ContosoUniversity.csproj", "{FADA058D-DB34-4DA8-A586-1E506EE6F570}"
EndProject
Global
	GlobalSection(SolutionConfigurationPlatforms) = preSolution
		Debug|Any CPU = Debug|Any CPU
		Release|Any CPU = Release|Any CPU
	EndGlobalSection
	GlobalSection(ProjectConfigurationPlatforms) = postSolution
		{FADA058D-DB34-4DA8-A586-1E506EE6F570}.Debug|Any CPU.ActiveCfg = Debug|Any CPU
		{FADA058D-DB34-4DA8-A586-1E506EE6F570}.Debug|Any CPU.Build.0 = Debug|Any CPU
		{FADA058D-DB34-4DA8-A586-1E506EE6F570}.Release|Any CPU.ActiveCfg = Release|Any CPU
		{FADA058D-DB34-4DA8-A586-1E506EE6F570}.Release|Any CPU.Build.0 = Release|Any CPU
	EndGlobalSection
	GlobalSection(SolutionProperties) = preSolution
		HideSolutionNode = FALSE
	EndGlobalSection
	GlobalSection(ExtensibilityGlobals) = postSolution
		SolutionGuid = {724E4FBB-41A9-4B53-9145-39A697CA1F4B}
	EndGlobalSection
EndGlobal
